
Microsoft Visual Studio Solution File, Format Version 11.00
# Visual Studio 2010
Project("{FAE04EC0-301F-11D3-BF4B-00C04F79EFBC}") = "EShopping", "EShopping\EShopping.csproj", "{11F6E418-B477-4628-B21F-CD84AC7F7BDD}"
EndProject
Global
	GlobalSection(SolutionConfigurationPlatforms) = preSolution
		Debug|Any CPU = Debug|Any CPU
		Release|Any CPU = Release|Any CPU
	EndGlobalSection
	GlobalSection(ProjectConfigurationPlatforms) = postSolution
		{11F6E418-B477-4628-B21F-CD84AC7F7BDD}.Debug|Any CPU.ActiveCfg = Debug|Any CPU
		{11F6E418-B477-4628-B21F-CD84AC7F7BDD}.Debug|Any CPU.Build.0 = Debug|Any CPU
		{11F6E418-B477-4628-B21F-CD84AC7F7BDD}.Release|Any CPU.ActiveCfg = Release|Any CPU
		{11F6E418-B477-4628-B21F-CD84AC7F7BDD}.Release|Any CPU.Build.0 = Release|Any CPU
	EndGlobalSection
	GlobalSection(SolutionProperties) = preSolution
		HideSolutionNode = FALSE
	EndGlobalSection
EndGlobal
